# THIS IS AN AUTOGENERATED FILE. DO NOT EDIT THIS FILE DIRECTLY.
# yarn lockfile v1


"@babel/runtime@^7.21.0":
  version "7.23.1"
  resolved "https://registry.yarnpkg.com/@babel/runtime/-/runtime-7.23.1.tgz#72741dc4d413338a91dcb044a86f3c0bc402646d"
  integrity sha512-hC2v6p8ZSI/W0HUzh3V8C5g+NwSKzKPtJwSpTjwl0o297GP9+ZLQSkdvHz46CM3LqyoXxq+5G9komY+eSqSO0g==
  dependencies:
    regenerator-runtime "^0.14.0"

"@types/node@^16.10.3":
  version "16.18.55"
  resolved "https://registry.yarnpkg.com/@types/node/-/node-16.18.55.tgz#3d9ac633ed401238c13ccaeed54297bd653412a3"
  integrity sha512-Y1zz/LIuJek01+hlPNzzXQhmq/Z2BCP96j18MSXC0S0jSu/IG4FFxmBs7W4/lI2vPJ7foVfEB0hUVtnOjnCiTg==

case-editor-tools@^1.6.11:
  version "1.6.11"
  resolved "https://registry.yarnpkg.com/case-editor-tools/-/case-editor-tools-1.6.11.tgz#78da2162fd2596138857dfb7527671ee9e2653bc"
  integrity sha512-SXpkZhIkyJABpKnYjbfVEitAyuL9s0jfdWvRyELjfqOkoxpI9jQdvcFUXBtbnRorE9wanVD4joRiw8vvSQ0s3A==
  dependencies:
    survey-engine "^1.2.0"

date-fns@^2.29.3:
  version "2.30.0"
  resolved "https://registry.yarnpkg.com/date-fns/-/date-fns-2.30.0.tgz#f367e644839ff57894ec6ac480de40cae4b0f4d0"
  integrity sha512-fnULvOpxnC5/Vg3NCiWelDsLiUc9bRwAPs/+LfTLNvetFCtCTN+yQz15C/fs4AwX1R9K5GLtLfn8QW+dWisaAw==
  dependencies:
    "@babel/runtime" "^7.21.0"

regenerator-runtime@^0.14.0:
  version "0.14.0"
  resolved "https://registry.yarnpkg.com/regenerator-runtime/-/regenerator-runtime-0.14.0.tgz#5e19d68eb12d486f797e15a3c6a918f7cec5eb45"
  integrity sha512-srw17NI0TUWHuGa5CFGGmhfNIeja30WMBfbslPNhf6JrqQlLN5gcrvig1oqPxiVaXb0oW0XRKtH6Nngs5lKCIA==

survey-engine@^1.2.0:
  version "1.2.1"
  resolved "https://registry.yarnpkg.com/survey-engine/-/survey-engine-1.2.1.tgz#214099ca904782c454e14962b43624f3899b16f9"
  integrity sha512-q+9m16D+Zfu5F7u0BMol5HcrfXwQaVbrfQgEyo7HMt5BLsSL6aOwvznvQaHT0wdfCruAY3Dc3LHr/ZQ6qjVdyQ==
  dependencies:
    date-fns "^2.29.3"

typescript@^4.4.3:
  version "4.9.5"
  resolved "https://registry.yarnpkg.com/typescript/-/typescript-4.9.5.tgz#095979f9bcc0d09da324d58d03ce8f8374cbe65a"
  integrity sha512-1FXk9E2Hm+QzZQ7z+McJiHL4NW1F2EzMu9Nq9i3zAaGqibafqYwCVU6WyWAuyQRRzOlxou8xZSyXLEN8oKj24g==
